
Microsoft Visual Studio Solution File, Format Version 12.00
# Visual Studio Version 16
VisualStudioVersion = 16.0.31129.286
MinimumVisualStudioVersion = 10.0.40219.1
Project("{9A19103F-16F7-4668-BE54-9A1E7A4F7556}") = "QuartzService", "QuartzService\QuartzService.csproj", "{603E45F5-E002-4BD6-BB62-194473DD51F3}"
EndProject
Project("{D954291E-2A0B-460D-934E-DC6B0785DB48}") = "QuartzServiceClient", "..\QuartzServiceClient\QuartzServiceClient\QuartzServiceClient.shproj", "{DBDDC7FC-7EE2-45AC-BEC5-4ED3C6BA7E7E}"
EndProject
Global
	GlobalSection(SharedMSBuildProjectFiles) = preSolution
		..\QuartzServiceClient\QuartzServiceClient\QuartzServiceClient.projitems*{603e45f5-e002-4bd6-bb62-194473dd51f3}*SharedItemsImports = 5
		..\QuartzServiceClient\QuartzServiceClient\QuartzServiceClient.projitems*{dbddc7fc-7ee2-45ac-bec5-4ed3c6ba7e7e}*SharedItemsImports = 13
	EndGlobalSection
	GlobalSection(SolutionConfigurationPlatforms) = preSolution
		Debug|Any CPU = Debug|Any CPU
		Release|Any CPU = Release|Any CPU
	EndGlobalSection
	GlobalSection(ProjectConfigurationPlatforms) = postSolution
		{603E45F5-E002-4BD6-BB62-194473DD51F3}.Debug|Any CPU.ActiveCfg = Debug|Any CPU
		{603E45F5-E002-4BD6-BB62-194473DD51F3}.Debug|Any CPU.Build.0 = Debug|Any CPU
		{603E45F5-E002-4BD6-BB62-194473DD51F3}.Release|Any CPU.ActiveCfg = Release|Any CPU
		{603E45F5-E002-4BD6-BB62-194473DD51F3}.Release|Any CPU.Build.0 = Release|Any CPU
	EndGlobalSection
	GlobalSection(SolutionProperties) = preSolution
		HideSolutionNode = FALSE
	EndGlobalSection
	GlobalSection(ExtensibilityGlobals) = postSolution
		SolutionGuid = {467FBA41-8678-441C-AD8D-060C951ED5C9}
	EndGlobalSection
EndGlobal
